# @generated by Move, please check-in and do not edit manually.

[move]
version = 2
manifest_digest = "EFA72F71C1661C58EDF7FF1696F4CBF71D8FC443967B860810073A2BC615032F"
deps_digest = "F8BBB0CCB2491CA29A3DF03D6F92277A4F3574266507ACD77214D37ECA3F3082"
dependencies = [
  { name = "Sui" },
]

[[move.package]]
name = "MoveStdlib"
source = { git = "https://github.com/MystenLabs/sui.git", rev = "framework/mainnet", subdir = "crates/sui-framework/packages/move-stdlib" }

[[move.package]]
name = "Sui"
source = { git = "https://github.com/MystenLabs/sui.git", rev = "framework/mainnet", subdir = "crates/sui-framework/packages/sui-framework" }

dependencies = [
  { name = "MoveStdlib" },
]

[move.toolchain-version]
compiler-version = "1.32.0"
edition = "2024.beta"
flavor = "sui"

[env]

[env.mainnet]
chain-id = "35834a8a"
original-published-id = "0xed8e8894181fbcda554bea8adb062b9f9b8556f78e8e10dbd21cda6ca8b7a86b"
latest-published-id = "0xed8e8894181fbcda554bea8adb062b9f9b8556f78e8e10dbd21cda6ca8b7a86b"
published-version = "1"
