# @generated by Move, please check-in and do not edit manually.

[move]
version = 0
manifest_digest = "E4C41573B1C61A0AC5125E9FF3A3129E5A653FBBAAF77EBA115805AE146ACC6E"
deps_digest = "F8BBB0CCB2491CA29A3DF03D6F92277A4F3574266507ACD77214D37ECA3F3082"

dependencies = [
  { name = "Sui" },
]

[[move.package]]
name = "MoveStdlib"
source = { git = "https://github.com/MystenLabs/sui.git", rev = "framework/testnet", subdir = "crates/sui-framework/packages/move-stdlib" }

[[move.package]]
name = "Sui"
source = { git = "https://github.com/MystenLabs/sui.git", rev = "framework/testnet", subdir = "crates/sui-framework/packages/sui-framework" }

dependencies = [
  { name = "MoveStdlib" },
]

[move.toolchain-version]
compiler-version = "1.25.1"
edition = "legacy"
flavor = "sui"

[env]

[env.testnet]
chain-id = "4c78adac"
original-published-id = "0xac45563e274d0a8013c061c02066fa3e2576a8b0411a634d93bfbb88d4f635cc"
latest-published-id = "0xac45563e274d0a8013c061c02066fa3e2576a8b0411a634d93bfbb88d4f635cc"
published-version = "1"

[env.mainnet]
chain-id = "35834a8a"
original-published-id = "0x3721da809d0dc38ab1b0a8fd2fe919931d04d6332e72ab609b2936bf0bcde514"
latest-published-id = "0x3721da809d0dc38ab1b0a8fd2fe919931d04d6332e72ab609b2936bf0bcde514"
published-version = "1"
